<?xml version="1.0" encoding="UTF-8" standalone="yes" ?>
<CodeBlocks_project_file>
	<FileVersion major="1" minor="6" />
	<Project>
		<Option title="Open_Portal" />
		<Option pch_mode="2" />
		<Option compiler="gcc" />
		<Build>
			<Target title="Debug">
				<Option output="bin/Debug/GameComponent" prefix_auto="1" extension_auto="1" />
				<Option object_output="obj/Debug/" />
				<Option type="1" />
				<Option compiler="gcc" />
				<Compiler>
					<Add option="-g" />
				</Compiler>
			</Target>
			<Target title="Release">
				<Option output="bin/Release/Open_Portal" prefix_auto="1" extension_auto="1" />
				<Option object_output="obj/Release/" />
				<Option type="1" />
				<Option compiler="gcc" />
				<Compiler>
					<Add option="-O2" />
				</Compiler>
				<Linker>
					<Add option="-s" />
				</Linker>
			</Target>
		</Build>
		<Compiler>
			<Add option="-Wall" />
		</Compiler>
		<Unit filename="include/Character.h" />
		<Unit filename="include/Cube.h" />
		<Unit filename="include/Entity.h" />
		<Unit filename="include/Floor.h" />
		<Unit filename="include/Geometry.h" />
		<Unit filename="include/Interface.h" />
		<Unit filename="include/Item.h" />
		<Unit filename="include/LevelDelimiter.h" />
		<Unit filename="include/LevelManager.h" />
		<Unit filename="include/PhysicsEngine.h" />
		<Unit filename="include/ViewManager.h" />
		<Unit filename="include/Wall.h" />
		<Unit filename="include/Weapon.h" />
		<Unit filename="include/weapon.h" />
		<Unit filename="main.cpp" />
		<Unit filename="src/Character.cpp" />
		<Unit filename="src/Cube.cpp" />
		<Unit filename="src/Entity.cpp" />
		<Unit filename="src/Floor.cpp" />
		<Unit filename="src/Geometry.cpp" />
		<Unit filename="src/Interface.cpp" />
		<Unit filename="src/Item.cpp" />
		<Unit filename="src/LevelDelimiter.cpp" />
		<Unit filename="src/LevelManager.cpp" />
		<Unit filename="src/PhysicsEngine.cpp" />
		<Unit filename="src/ViewManager.cpp" />
		<Unit filename="src/Wall.cpp" />
		<Unit filename="src/Weapon.cpp" />
		<Extensions>
			<code_completion />
			<debugger />
		</Extensions>
	</Project>
</CodeBlocks_project_file>
